
Microsoft Visual Studio Solution File, Format Version 12.00
# Visual Studio Version 16
VisualStudioVersion = 25.0.1703.7
MinimumVisualStudioVersion = 10.0.40219.1
Project("{FAE04EC0-301F-11D3-BF4B-00C04F79EFBC}") = "Products.API", "Products.API.csproj", "{3874596A-B39B-464D-8F9A-8C62186DC694}"
EndProject
Global
	GlobalSection(SolutionConfigurationPlatforms) = preSolution
		Debug|Any CPU = Debug|Any CPU
		Release|Any CPU = Release|Any CPU
	EndGlobalSection
	GlobalSection(ProjectConfigurationPlatforms) = postSolution
		{3874596A-B39B-464D-8F9A-8C62186DC694}.Debug|Any CPU.ActiveCfg = Debug|Any CPU
		{3874596A-B39B-464D-8F9A-8C62186DC694}.Debug|Any CPU.Build.0 = Debug|Any CPU
		{3874596A-B39B-464D-8F9A-8C62186DC694}.Release|Any CPU.ActiveCfg = Release|Any CPU
		{3874596A-B39B-464D-8F9A-8C62186DC694}.Release|Any CPU.Build.0 = Release|Any CPU
	EndGlobalSection
	GlobalSection(SolutionProperties) = preSolution
		HideSolutionNode = FALSE
	EndGlobalSection
	GlobalSection(ExtensibilityGlobals) = postSolution
		SolutionGuid = {6A30E297-73D0-404F-B5D2-72BC35A4A861}
	EndGlobalSection
EndGlobal
